<?xml version="1.0" encoding="utf-8"?>
<Project ToolsVersion="4.0" xmlns="http://schemas.microsoft.com/developer/msbuild/2003">
  <ItemGroup>
    <Filter Include="Source Files">
      <UniqueIdentifier>{4FC737F1-C7A5-4376-A066-2A32D752A2FF}</UniqueIdentifier>
      <Extensions>cpp;c;cc;cxx;c++;cppm;ixx;def;odl;idl;hpj;bat;asm;asmx</Extensions>
    </Filter>
    <Filter Include="Header Files">
      <UniqueIdentifier>{93995380-89BD-4b04-88EB-625FBE52EBFB}</UniqueIdentifier>
      <Extensions>h;hh;hpp;hxx;h++;hm;inl;inc;ipp;xsd</Extensions>
    </Filter>
    <Filter Include="Resource Files">
      <UniqueIdentifier>{67DA6AB6-F800-4c08-8B7A-83BB121AAD01}</UniqueIdentifier>
      <Extensions>rc;ico;cur;bmp;dlg;rc2;rct;bin;rgs;gif;jpg;jpeg;jpe;resx;tiff;tif;png;wav;mfcribbon-ms</Extensions>
    </Filter>
    <Filter Include="Source Files\Engine">
      <UniqueIdentifier>{3d098914-3002-47a7-a29b-15117cc2ae33}</UniqueIdentifier>
    </Filter>
    <Filter Include="Header Files\Engine">
      <UniqueIdentifier>{4dce2f45-9221-473d-9261-a2132800c356}</UniqueIdentifier>
    </Filter>
    <Filter Include="Source Files\Engine\Controls">
      <UniqueIdentifier>{532e2df8-04ba-49e1-993d-665907ab46a2}</UniqueIdentifier>
    </Filter>
    <Filter Include="Header Files\Engine\Controls">
      <UniqueIdentifier>{07d21a68-0648-44cd-8ca7-d044c528ddc6}</UniqueIdentifier>
    </Filter>
  </ItemGroup>
  <ItemGroup>
    <ClCompile Include="main.cpp">
      <Filter>Source Files</Filter>
    </ClCompile>
    <ClCompile Include="toolbox_proto.cpp">
      <Filter>Source Files</Filter>
    </ClCompile>
    <ClCompile Include="BouncingBox.cpp">
      <Filter>Source Files</Filter>
    </ClCompile>
    <ClCompile Include="Window.cpp">
      <Filter>Source Files</Filter>
    </ClCompile>
    <ClCompile Include="Core.cpp">
      <Filter>Source Files</Filter>
    </ClCompile>
    <ClCompile Include="controls\Mouse.cpp">
      <Filter>Source Files\Engine\Controls</Filter>
    </ClCompile>
    <ClCompile Include="controls\Keyboard.cpp">
      <Filter>Source Files\Engine\Controls</Filter>
    </ClCompile>
  </ItemGroup>
  <ItemGroup>
    <ClInclude Include="toolbox_proto.hpp">
      <Filter>Header Files</Filter>
    </ClInclude>
    <ClInclude Include="BouncingBox.hpp">
      <Filter>Header Files</Filter>
    </ClInclude>
    <ClInclude Include="Window.hpp">
      <Filter>Header Files</Filter>
    </ClInclude>
    <ClInclude Include="Core.hpp">
      <Filter>Header Files</Filter>
    </ClInclude>
    <ClInclude Include="controls\Mouse.hpp">
      <Filter>Header Files\Engine\Controls</Filter>
    </ClInclude>
    <ClInclude Include="controls\Keyboard.hpp">
      <Filter>Header Files\Engine\Controls</Filter>
    </ClInclude>
  </ItemGroup>
</Project>